// !$*UTF8*$!
{
	archiveVersion = 1;
	classes = {
	};
	objectVersion = 50;
	objects = {

/* Begin PBXBuildFile section */
		0F74310726504B5A00DF8597 /* CodeTestApp.swift in Sources */ = {isa = PBXBuildFile; fileRef = 0F74310626504B5A00DF8597 /* CodeTestApp.swift */; };
		0F74310926504B5A00DF8597 /* ContentView.swift in Sources */ = {isa = PBXBuildFile; fileRef = 0F74310826504B5A00DF8597 /* ContentView.swift */; };
		0F74310B26504B5C00DF8597 /* Assets.xcassets in Resources */ = {isa = PBXBuildFile; fileRef = 0F74310A26504B5C00DF8597 /* Assets.xcassets */; };
		0F74310E26504B5C00DF8597 /* Preview Assets.xcassets in Resources */ = {isa = PBXBuildFile; fileRef = 0F74310D26504B5C00DF8597 /* Preview Assets.xcassets */; };
		0F74311926504B5D00DF8597 /* CodeTestTests.swift in Sources */ = {isa = PBXBuildFile; fileRef = 0F74311826504B5D00DF8597 /* CodeTestTests.swift */; };
		0F74312426504B5D00DF8597 /* CodeTestUITests.swift in Sources */ = {isa = PBXBuildFile; fileRef = 0F74312326504B5D00DF8597 /* CodeTestUITests.swift */; };
/* End PBXBuildFile section */

/* Begin PBXContainerItemProxy section */
		0F74311526504B5D00DF8597 /* PBXContainerItemProxy */ = {
			isa = PBXContainerItemProxy;
			containerPortal = 0F7430FB26504B5A00DF8597 /* Project object */;
			proxyType = 1;
			remoteGlobalIDString = 0F74310226504B5A00DF8597;
			remoteInfo = CodeTest;
		};
		0F74312026504B5D00DF8597 /* PBXContainerItemProxy */ = {
			isa = PBXContainerItemProxy;
			containerPortal = 0F7430FB26504B5A00DF8597 /* Project object */;
			proxyType = 1;
			remoteGlobalIDString = 0F74310226504B5A00DF8597;
			remoteInfo = CodeTest;
		};
/* End PBXContainerItemProxy section */

/* Begin PBXFileReference section */
		0F74310326504B5A00DF8597 /* CodeTest.app */ = {isa = PBXFileReference; explicitFileType = wrapper.application; includeInIndex = 0; path = CodeTest.app; sourceTree = BUILT_PRODUCTS_DIR; };
		0F74310626504B5A00DF8597 /* CodeTestApp.swift */ = {isa = PBXFileReference; lastKnownFileType = sourcecode.swift; path = CodeTestApp.swift; sourceTree = "<group>"; };
		0F74310826504B5A00DF8597 /* ContentView.swift */ = {isa = PBXFileReference; lastKnownFileType = sourcecode.swift; path = ContentView.swift; sourceTree = "<group>"; };
		0F74310A26504B5C00DF8597 /* Assets.xcassets */ = {isa = PBXFileReference; lastKnownFileType = folder.assetcatalog; path = Assets.xcassets; sourceTree = "<group>"; };
		0F74310D26504B5C00DF8597 /* Preview Assets.xcassets */ = {isa = PBXFileReference; lastKnownFileType = folder.assetcatalog; path = "Preview Assets.xcassets"; sourceTree = "<group>"; };
		0F74310F26504B5C00DF8597 /* Info.plist */ = {isa = PBXFileReference; lastKnownFileType = text.plist.xml; path = Info.plist; sourceTree = "<group>"; };
		0F74311426504B5D00DF8597 /* CodeTestTests.xctest */ = {isa = PBXFileReference; explicitFileType = wrapper.cfbundle; includeInIndex = 0; path = CodeTestTests.xctest; sourceTree = BUILT_PRODUCTS_DIR; };
		0F74311826504B5D00DF8597 /* CodeTestTests.swift */ = {isa = PBXFileReference; lastKnownFileType = sourcecode.swift; path = CodeTestTests.swift; sourceTree = "<group>"; };
		0F74311A26504B5D00DF8597 /* Info.plist */ = {isa = PBXFileReference; lastKnownFileType = text.plist.xml; path = Info.plist; sourceTree = "<group>"; };
		0F74311F26504B5D00DF8597 /* CodeTestUITests.xctest */ = {isa = PBXFileReference; explicitFileType = wrapper.cfbundle; includeInIndex = 0; path = CodeTestUITests.xctest; sourceTree = BUILT_PRODUCTS_DIR; };
		0F74312326504B5D00DF8597 /* CodeTestUITests.swift */ = {isa = PBXFileReference; lastKnownFileType = sourcecode.swift; path = CodeTestUITests.swift; sourceTree = "<group>"; };
		0F74312526504B5D00DF8597 /* Info.plist */ = {isa = PBXFileReference; lastKnownFileType = text.plist.xml; path = Info.plist; sourceTree = "<group>"; };
/* End PBXFileReference section */

/* Begin PBXFrameworksBuildPhase section */
		0F74310026504B5A00DF8597 /* Frameworks */ = {
			isa = PBXFrameworksBuildPhase;
			buildActionMask = 2147483647;
			files = (
			);
			runOnlyForDeploymentPostprocessing = 0;
		};
		0F74311126504B5D00DF8597 /* Frameworks */ = {
			isa = PBXFrameworksBuildPhase;
			buildActionMask = 2147483647;
			files = (
			);
			runOnlyForDeploymentPostprocessing = 0;
		};
		0F74311C26504B5D00DF8597 /* Frameworks */ = {
			isa = PBXFrameworksBuildPhase;
			buildActionMask = 2147483647;
			files = (
			);
			runOnlyForDeploymentPostprocessing = 0;
		};
/* End PBXFrameworksBuildPhase section */

/* Begin PBXGroup section */
		0F7430FA26504B5A00DF8597 = {
			isa = PBXGroup;
			children = (
				0F74310526504B5A00DF8597 /* CodeTest */,
				0F74311726504B5D00DF8597 /* CodeTestTests */,
				0F74312226504B5D00DF8597 /* CodeTestUITests */,
				0F74310426504B5A00DF8597 /* Products */,
			);
			sourceTree = "<group>";
		};
		0F74310426504B5A00DF8597 /* Products */ = {
			isa = PBXGroup;
			children = (
				0F74310326504B5A00DF8597 /* CodeTest.app */,
				0F74311426504B5D00DF8597 /* CodeTestTests.xctest */,
				0F74311F26504B5D00DF8597 /* CodeTestUITests.xctest */,
			);
			name = Products;
			sourceTree = "<group>";
		};
		0F74310526504B5A00DF8597 /* CodeTest */ = {
			isa = PBXGroup;
			children = (
				0F74310626504B5A00DF8597 /* CodeTestApp.swift */,
				0F74310826504B5A00DF8597 /* ContentView.swift */,
				0F74310A26504B5C00DF8597 /* Assets.xcassets */,
				0F74310F26504B5C00DF8597 /* Info.plist */,
				0F74310C26504B5C00DF8597 /* Preview Content */,
			);
			path = CodeTest;
			sourceTree = "<group>";
		};
		0F74310C26504B5C00DF8597 /* Preview Content */ = {
			isa = PBXGroup;
			children = (
				0F74310D26504B5C00DF8597 /* Preview Assets.xcassets */,
			);
			path = "Preview Content";
			sourceTree = "<group>";
		};
		0F74311726504B5D00DF8597 /* CodeTestTests */ = {
			isa = PBXGroup;
			children = (
				0F74311826504B5D00DF8597 /* CodeTestTests.swift */,
				0F74311A26504B5D00DF8597 /* Info.plist */,
			);
			path = CodeTestTests;
			sourceTree = "<group>";
		};
		0F74312226504B5D00DF8597 /* CodeTestUITests */ = {
			isa = PBXGroup;
			children = (
				0F74312326504B5D00DF8597 /* CodeTestUITests.swift */,
				0F74312526504B5D00DF8597 /* Info.plist */,
			);
			path = CodeTestUITests;
			sourceTree = "<group>";
		};
/* End PBXGroup section */

/* Begin PBXNativeTarget section */
		0F74310226504B5A00DF8597 /* CodeTest */ = {
			isa = PBXNativeTarget;
			buildConfigurationList = 0F74312826504B5D00DF8597 /* Build configuration list for PBXNativeTarget "CodeTest" */;
			buildPhases = (
				0F7430FF26504B5A00DF8597 /* Sources */,
				0F74310026504B5A00DF8597 /* Frameworks */,
				0F74310126504B5A00DF8597 /* Resources */,
			);
			buildRules = (
			);
			dependencies = (
			);
			name = CodeTest;
			productName = CodeTest;
			productReference = 0F74310326504B5A00DF8597 /* CodeTest.app */;
			productType = "com.apple.product-type.application";
		};
		0F74311326504B5D00DF8597 /* CodeTestTests */ = {
			isa = PBXNativeTarget;
			buildConfigurationList = 0F74312B26504B5D00DF8597 /* Build configuration list for PBXNativeTarget "CodeTestTests" */;
			buildPhases = (
				0F74311026504B5D00DF8597 /* Sources */,
				0F74311126504B5D00DF8597 /* Frameworks */,
				0F74311226504B5D00DF8597 /* Resources */,
			);
			buildRules = (
			);
			dependencies = (
				0F74311626504B5D00DF8597 /* PBXTargetDependency */,
			);
			name = CodeTestTests;
			productName = CodeTestTests;
			productReference = 0F74311426504B5D00DF8597 /* CodeTestTests.xctest */;
			productType = "com.apple.product-type.bundle.unit-test";
		};
		0F74311E26504B5D00DF8597 /* CodeTestUITests */ = {
			isa = PBXNativeTarget;
			buildConfigurationList = 0F74312E26504B5D00DF8597 /* Build configuration list for PBXNativeTarget "CodeTestUITests" */;
			buildPhases = (
				0F74311B26504B5D00DF8597 /* Sources */,
				0F74311C26504B5D00DF8597 /* Frameworks */,
				0F74311D26504B5D00DF8597 /* Resources */,
			);
			buildRules = (
			);
			dependencies = (
				0F74312126504B5D00DF8597 /* PBXTargetDependency */,
			);
			name = CodeTestUITests;
			productName = CodeTestUITests;
			productReference = 0F74311F26504B5D00DF8597 /* CodeTestUITests.xctest */;
			productType = "com.apple.product-type.bundle.ui-testing";
		};
/* End PBXNativeTarget section */

/* Begin PBXProject section */
		0F7430FB26504B5A00DF8597 /* Project object */ = {
			isa = PBXProject;
			attributes = {
				LastSwiftUpdateCheck = 1240;
				LastUpgradeCheck = 1240;
				TargetAttributes = {
					0F74310226504B5A00DF8597 = {
						CreatedOnToolsVersion = 12.4;
					};
					0F74311326504B5D00DF8597 = {
						CreatedOnToolsVersion = 12.4;
						TestTargetID = 0F74310226504B5A00DF8597;
					};
					0F74311E26504B5D00DF8597 = {
						CreatedOnToolsVersion = 12.4;
						TestTargetID = 0F74310226504B5A00DF8597;
					};
				};
			};
			buildConfigurationList = 0F7430FE26504B5A00DF8597 /* Build configuration list for PBXProject "CodeTest" */;
			compatibilityVersion = "Xcode 9.3";
			developmentRegion = en;
			hasScannedForEncodings = 0;
			knownRegions = (
				en,
				Base,
			);
			mainGroup = 0F7430FA26504B5A00DF8597;
			productRefGroup = 0F74310426504B5A00DF8597 /* Products */;
			projectDirPath = "";
			projectRoot = "";
			targets = (
				0F74310226504B5A00DF8597 /* CodeTest */,
				0F74311326504B5D00DF8597 /* CodeTestTests */,
				0F74311E26504B5D00DF8597 /* CodeTestUITests */,
			);
		};
/* End PBXProject section */

/* Begin PBXResourcesBuildPhase section */
		0F74310126504B5A00DF8597 /* Resources */ = {
			isa = PBXResourcesBuildPhase;
			buildActionMask = 2147483647;
			files = (
				0F74310E26504B5C00DF8597 /* Preview Assets.xcassets in Resources */,
				0F74310B26504B5C00DF8597 /* Assets.xcassets in Resources */,
			);
			runOnlyForDeploymentPostprocessing = 0;
		};
		0F74311226504B5D00DF8597 /* Resources */ = {
			isa = PBXResourcesBuildPhase;
			buildActionMask = 2147483647;
			files = (
			);
			runOnlyForDeploymentPostprocessing = 0;
		};
		0F74311D26504B5D00DF8597 /* Resources */ = {
			isa = PBXResourcesBuildPhase;
			buildActionMask = 2147483647;
			files = (
			);
			runOnlyForDeploymentPostprocessing = 0;
		};
/* End PBXResourcesBuildPhase section */

/* Begin PBXSourcesBuildPhase section */
		0F7430FF26504B5A00DF8597 /* Sources */ = {
			isa = PBXSourcesBuildPhase;
			buildActionMask = 2147483647;
			files = (
				0F74310926504B5A00DF8597 /* ContentView.swift in Sources */,
				0F74310726504B5A00DF8597 /* CodeTestApp.swift in Sources */,
			);
			runOnlyForDeploymentPostprocessing = 0;
		};
		0F74311026504B5D00DF8597 /* Sources */ = {
			isa = PBXSourcesBuildPhase;
			buildActionMask = 2147483647;
			files = (
				0F74311926504B5D00DF8597 /* CodeTestTests.swift in Sources */,
			);
			runOnlyForDeploymentPostprocessing = 0;
		};
		0F74311B26504B5D00DF8597 /* Sources */ = {
			isa = PBXSourcesBuildPhase;
			buildActionMask = 2147483647;
			files = (
				0F74312426504B5D00DF8597 /* CodeTestUITests.swift in Sources */,
			);
			runOnlyForDeploymentPostprocessing = 0;
		};
/* End PBXSourcesBuildPhase section */

/* Begin PBXTargetDependency section */
		0F74311626504B5D00DF8597 /* PBXTargetDependency */ = {
			isa = PBXTargetDependency;
			target = 0F74310226504B5A00DF8597 /* CodeTest */;
			targetProxy = 0F74311526504B5D00DF8597 /* PBXContainerItemProxy */;
		};
		0F74312126504B5D00DF8597 /* PBXTargetDependency */ = {
			isa = PBXTargetDependency;
			target = 0F74310226504B5A00DF8597 /* CodeTest */;
			targetProxy = 0F74312026504B5D00DF8597 /* PBXContainerItemProxy */;
		};
/* End PBXTargetDependency section */

/* Begin XCBuildConfiguration section */
		0F74312626504B5D00DF8597 /* Debug */ = {
			isa = XCBuildConfiguration;
			buildSettings = {
				ALWAYS_SEARCH_USER_PATHS = NO;
				CLANG_ANALYZER_NONNULL = YES;
				CLANG_ANALYZER_NUMBER_OBJECT_CONVERSION = YES_AGGRESSIVE;
				CLANG_CXX_LANGUAGE_STANDARD = "gnu++14";
				CLANG_CXX_LIBRARY = "libc++";
				CLANG_ENABLE_MODULES = YES;
				CLANG_ENABLE_OBJC_ARC = YES;
				CLANG_ENABLE_OBJC_WEAK = YES;
				CLANG_WARN_BLOCK_CAPTURE_AUTORELEASING = YES;
				CLANG_WARN_BOOL_CONVERSION = YES;
				CLANG_WARN_COMMA = YES;
				CLANG_WARN_CONSTANT_CONVERSION = YES;
				CLANG_WARN_DEPRECATED_OBJC_IMPLEMENTATIONS = YES;
				CLANG_WARN_DIRECT_OBJC_ISA_USAGE = YES_ERROR;
				CLANG_WARN_DOCUMENTATION_COMMENTS = YES;
				CLANG_WARN_EMPTY_BODY = YES;
				CLANG_WARN_ENUM_CONVERSION = YES;
				CLANG_WARN_INFINITE_RECURSION = YES;
				CLANG_WARN_INT_CONVERSION = YES;
				CLANG_WARN_NON_LITERAL_NULL_CONVERSION = YES;
				CLANG_WARN_OBJC_IMPLICIT_RETAIN_SELF = YES;
				CLANG_WARN_OBJC_LITERAL_CONVERSION = YES;
				CLANG_WARN_OBJC_ROOT_CLASS = YES_ERROR;
				CLANG_WARN_QUOTED_INCLUDE_IN_FRAMEWORK_HEADER = YES;
				CLANG_WARN_RANGE_LOOP_ANALYSIS = YES;
				CLANG_WARN_STRICT_PROTOTYPES = YES;
				CLANG_WARN_SUSPICIOUS_MOVE = YES;
				CLANG_WARN_UNGUARDED_AVAILABILITY = YES_AGGRESSIVE;
				CLANG_WARN_UNREACHABLE_CODE = YES;
				CLANG_WARN__DUPLICATE_METHOD_MATCH = YES;
				COPY_PHASE_STRIP = NO;
				DEBUG_INFORMATION_FORMAT = dwarf;
				ENABLE_STRICT_OBJC_MSGSEND = YES;
				ENABLE_TESTABILITY = YES;
				GCC_C_LANGUAGE_STANDARD = gnu11;
				GCC_DYNAMIC_NO_PIC = NO;
				GCC_NO_COMMON_BLOCKS = YES;
				GCC_OPTIMIZATION_LEVEL = 0;
				GCC_PREPROCESSOR_DEFINITIONS = (
					"DEBUG=1",
					"$(inherited)",
				);
				GCC_WARN_64_TO_32_BIT_CONVERSION = YES;
				GCC_WARN_ABOUT_RETURN_TYPE = YES_ERROR;
				GCC_WARN_UNDECLARED_SELECTOR = YES;
				GCC_WARN_UNINITIALIZED_AUTOS = YES_AGGRESSIVE;
				GCC_WARN_UNUSED_FUNCTION = YES;
				GCC_WARN_UNUSED_VARIABLE = YES;
				IPHONEOS_DEPLOYMENT_TARGET = 14.4;
				MTL_ENABLE_DEBUG_INFO = INCLUDE_SOURCE;
				MTL_FAST_MATH = YES;
				ONLY_ACTIVE_ARCH = YES;
				SDKROOT = iphoneos;
				SWIFT_ACTIVE_COMPILATION_CONDITIONS = DEBUG;
				SWIFT_OPTIMIZATION_LEVEL = "-Onone";
			};
			name = Debug;
		};
		0F74312726504B5D00DF8597 /* Release */ = {
			isa = XCBuildConfiguration;
			buildSettings = {
				ALWAYS_SEARCH_USER_PATHS = NO;
				CLANG_ANALYZER_NONNULL = YES;
				CLANG_ANALYZER_NUMBER_OBJECT_CONVERSION = YES_AGGRESSIVE;
				CLANG_CXX_LANGUAGE_STANDARD = "gnu++14";
				CLANG_CXX_LIBRARY = "libc++";
				CLANG_ENABLE_MODULES = YES;
				CLANG_ENABLE_OBJC_ARC = YES;
				CLANG_ENABLE_OBJC_WEAK = YES;
				CLANG_WARN_BLOCK_CAPTURE_AUTORELEASING = YES;
				CLANG_WARN_BOOL_CONVERSION = YES;
				CLANG_WARN_COMMA = YES;
				CLANG_WARN_CONSTANT_CONVERSION = YES;
				CLANG_WARN_DEPRECATED_OBJC_IMPLEMENTATIONS = YES;
				CLANG_WARN_DIRECT_OBJC_ISA_USAGE = YES_ERROR;
				CLANG_WARN_DOCUMENTATION_COMMENTS = YES;
				CLANG_WARN_EMPTY_BODY = YES;
				CLANG_WARN_ENUM_CONVERSION = YES;
				CLANG_WARN_INFINITE_RECURSION = YES;
				CLANG_WARN_INT_CONVERSION = YES;
				CLANG_WARN_NON_LITERAL_NULL_CONVERSION = YES;
				CLANG_WARN_OBJC_IMPLICIT_RETAIN_SELF = YES;
				CLANG_WARN_OBJC_LITERAL_CONVERSION = YES;
				CLANG_WARN_OBJC_ROOT_CLASS = YES_ERROR;
				CLANG_WARN_QUOTED_INCLUDE_IN_FRAMEWORK_HEADER = YES;
				CLANG_WARN_RANGE_LOOP_ANALYSIS = YES;
				CLANG_WARN_STRICT_PROTOTYPES = YES;
				CLANG_WARN_SUSPICIOUS_MOVE = YES;
				CLANG_WARN_UNGUARDED_AVAILABILITY = YES_AGGRESSIVE;
				CLANG_WARN_UNREACHABLE_CODE = YES;
				CLANG_WARN__DUPLICATE_METHOD_MATCH = YES;
				COPY_PHASE_STRIP = NO;
				DEBUG_INFORMATION_FORMAT = "dwarf-with-dsym";
				ENABLE_NS_ASSERTIONS = NO;
				ENABLE_STRICT_OBJC_MSGSEND = YES;
				GCC_C_LANGUAGE_STANDARD = gnu11;
				GCC_NO_COMMON_BLOCKS = YES;
				GCC_WARN_64_TO_32_BIT_CONVERSION = YES;
				GCC_WARN_ABOUT_RETURN_TYPE = YES_ERROR;
				GCC_WARN_UNDECLARED_SELECTOR = YES;
				GCC_WARN_UNINITIALIZED_AUTOS = YES_AGGRESSIVE;
				GCC_WARN_UNUSED_FUNCTION = YES;
				GCC_WARN_UNUSED_VARIABLE = YES;
				IPHONEOS_DEPLOYMENT_TARGET = 14.4;
				MTL_ENABLE_DEBUG_INFO = NO;
				MTL_FAST_MATH = YES;
				SDKROOT = iphoneos;
				SWIFT_COMPILATION_MODE = wholemodule;
				SWIFT_OPTIMIZATION_LEVEL = "-O";
				VALIDATE_PRODUCT = YES;
			};
			name = Release;
		};
		0F74312926504B5D00DF8597 /* Debug */ = {
			isa = XCBuildConfiguration;
			buildSettings = {
				ASSETCATALOG_COMPILER_APPICON_NAME = AppIcon;
				ASSETCATALOG_COMPILER_GLOBAL_ACCENT_COLOR_NAME = AccentColor;
				CODE_SIGN_STYLE = Automatic;
				DEVELOPMENT_ASSET_PATHS = "\"CodeTest/Preview Content\"";
				DEVELOPMENT_TEAM = K5535Y84US;
				ENABLE_PREVIEWS = YES;
				INFOPLIST_FILE = CodeTest/Info.plist;
				IPHONEOS_DEPLOYMENT_TARGET = 14.0;
				LD_RUNPATH_SEARCH_PATHS = (
					"$(inherited)",
					"@executable_path/Frameworks",
				);
				PRODUCT_BUNDLE_IDENTIFIER = com.everplans.CodeTest;
				PRODUCT_NAME = "$(TARGET_NAME)";
				SWIFT_VERSION = 5.0;
				TARGETED_DEVICE_FAMILY = "1,2";
			};
			name = Debug;
		};
		0F74312A26504B5D00DF8597 /* Release */ = {
			isa = XCBuildConfiguration;
			buildSettings = {
				ASSETCATALOG_COMPILER_APPICON_NAME = AppIcon;
				ASSETCATALOG_COMPILER_GLOBAL_ACCENT_COLOR_NAME = AccentColor;
				CODE_SIGN_STYLE = Automatic;
				DEVELOPMENT_ASSET_PATHS = "\"CodeTest/Preview Content\"";
				DEVELOPMENT_TEAM = K5535Y84US;
				ENABLE_PREVIEWS = YES;
				INFOPLIST_FILE = CodeTest/Info.plist;
				IPHONEOS_DEPLOYMENT_TARGET = 14.0;
				LD_RUNPATH_SEARCH_PATHS = (
					"$(inherited)",
					"@executable_path/Frameworks",
				);
				PRODUCT_BUNDLE_IDENTIFIER = com.everplans.CodeTest;
				PRODUCT_NAME = "$(TARGET_NAME)";
				SWIFT_VERSION = 5.0;
				TARGETED_DEVICE_FAMILY = "1,2";
			};
			name = Release;
		};
		0F74312C26504B5D00DF8597 /* Debug */ = {
			isa = XCBuildConfiguration;
			buildSettings = {
				ALWAYS_EMBED_SWIFT_STANDARD_LIBRARIES = YES;
				BUNDLE_LOADER = "$(TEST_HOST)";
				CODE_SIGN_STYLE = Automatic;
				DEVELOPMENT_TEAM = K5535Y84US;
				INFOPLIST_FILE = CodeTestTests/Info.plist;
				IPHONEOS_DEPLOYMENT_TARGET = 14.0;
				LD_RUNPATH_SEARCH_PATHS = (
					"$(inherited)",
					"@executable_path/Frameworks",
					"@loader_path/Frameworks",
				);
				PRODUCT_BUNDLE_IDENTIFIER = com.everplans.CodeTestTests;
				PRODUCT_NAME = "$(TARGET_NAME)";
				SWIFT_VERSION = 5.0;
				TARGETED_DEVICE_FAMILY = "1,2";
				TEST_HOST = "$(BUILT_PRODUCTS_DIR)/CodeTest.app/CodeTest";
			};
			name = Debug;
		};
		0F74312D26504B5D00DF8597 /* Release */ = {
			isa = XCBuildConfiguration;
			buildSettings = {
				ALWAYS_EMBED_SWIFT_STANDARD_LIBRARIES = YES;
				BUNDLE_LOADER = "$(TEST_HOST)";
				CODE_SIGN_STYLE = Automatic;
				DEVELOPMENT_TEAM = K5535Y84US;
				INFOPLIST_FILE = CodeTestTests/Info.plist;
				IPHONEOS_DEPLOYMENT_TARGET = 14.0;
				LD_RUNPATH_SEARCH_PATHS = (
					"$(inherited)",
					"@executable_path/Frameworks",
					"@loader_path/Frameworks",
				);
				PRODUCT_BUNDLE_IDENTIFIER = com.everplans.CodeTestTests;
				PRODUCT_NAME = "$(TARGET_NAME)";
				SWIFT_VERSION = 5.0;
				TARGETED_DEVICE_FAMILY = "1,2";
				TEST_HOST = "$(BUILT_PRODUCTS_DIR)/CodeTest.app/CodeTest";
			};
			name = Release;
		};
		0F74312F26504B5D00DF8597 /* Debug */ = {
			isa = XCBuildConfiguration;
			buildSettings = {
				ALWAYS_EMBED_SWIFT_STANDARD_LIBRARIES = YES;
				CODE_SIGN_STYLE = Automatic;
				DEVELOPMENT_TEAM = K5535Y84US;
				INFOPLIST_FILE = CodeTestUITests/Info.plist;
				LD_RUNPATH_SEARCH_PATHS = (
					"$(inherited)",
					"@executable_path/Frameworks",
					"@loader_path/Frameworks",
				);
				PRODUCT_BUNDLE_IDENTIFIER = com.everplans.CodeTestUITests;
				PRODUCT_NAME = "$(TARGET_NAME)";
				SWIFT_VERSION = 5.0;
				TARGETED_DEVICE_FAMILY = "1,2";
				TEST_TARGET_NAME = CodeTest;
			};
			name = Debug;
		};
		0F74313026504B5D00DF8597 /* Release */ = {
			isa = XCBuildConfiguration;
			buildSettings = {
				ALWAYS_EMBED_SWIFT_STANDARD_LIBRARIES = YES;
				CODE_SIGN_STYLE = Automatic;
				DEVELOPMENT_TEAM = K5535Y84US;
				INFOPLIST_FILE = CodeTestUITests/Info.plist;
				LD_RUNPATH_SEARCH_PATHS = (
					"$(inherited)",
					"@executable_path/Frameworks",
					"@loader_path/Frameworks",
				);
				PRODUCT_BUNDLE_IDENTIFIER = com.everplans.CodeTestUITests;
				PRODUCT_NAME = "$(TARGET_NAME)";
				SWIFT_VERSION = 5.0;
				TARGETED_DEVICE_FAMILY = "1,2";
				TEST_TARGET_NAME = CodeTest;
			};
			name = Release;
		};
/* End XCBuildConfiguration section */

/* Begin XCConfigurationList section */
		0F7430FE26504B5A00DF8597 /* Build configuration list for PBXProject "CodeTest" */ = {
			isa = XCConfigurationList;
			buildConfigurations = (
				0F74312626504B5D00DF8597 /* Debug */,
				0F74312726504B5D00DF8597 /* Release */,
			);
			defaultConfigurationIsVisible = 0;
			defaultConfigurationName = Release;
		};
		0F74312826504B5D00DF8597 /* Build configuration list for PBXNativeTarget "CodeTest" */ = {
			isa = XCConfigurationList;
			buildConfigurations = (
				0F74312926504B5D00DF8597 /* Debug */,
				0F74312A26504B5D00DF8597 /* Release */,
			);
			defaultConfigurationIsVisible = 0;
			defaultConfigurationName = Release;
		};
		0F74312B26504B5D00DF8597 /* Build configuration list for PBXNativeTarget "CodeTestTests" */ = {
			isa = XCConfigurationList;
			buildConfigurations = (
				0F74312C26504B5D00DF8597 /* Debug */,
				0F74312D26504B5D00DF8597 /* Release */,
			);
			defaultConfigurationIsVisible = 0;
			defaultConfigurationName = Release;
		};
		0F74312E26504B5D00DF8597 /* Build configuration list for PBXNativeTarget "CodeTestUITests" */ = {
			isa = XCConfigurationList;
			buildConfigurations = (
				0F74312F26504B5D00DF8597 /* Debug */,
				0F74313026504B5D00DF8597 /* Release */,
			);
			defaultConfigurationIsVisible = 0;
			defaultConfigurationName = Release;
		};
/* End XCConfigurationList section */
	};
	rootObject = 0F7430FB26504B5A00DF8597 /* Project object */;
}
